
Microsoft Visual Studio Solution File, Format Version 12.00
# Visual Studio Version 16
VisualStudioVersion = 16.0.35931.194
MinimumVisualStudioVersion = 10.0.40219.1
Project("{FAE04EC0-301F-11D3-BF4B-00C04F79EFBC}") = "CrudAplic", "CrudAplic\CrudAplic.csproj", "{67DE064B-C834-4DC9-A9A3-BE8DE4BC2EF0}"
EndProject
Global
	GlobalSection(SolutionConfigurationPlatforms) = preSolution
		Debug|Any CPU = Debug|Any CPU
		Release|Any CPU = Release|Any CPU
	EndGlobalSection
	GlobalSection(ProjectConfigurationPlatforms) = postSolution
		{67DE064B-C834-4DC9-A9A3-BE8DE4BC2EF0}.Debug|Any CPU.ActiveCfg = Debug|Any CPU
		{67DE064B-C834-4DC9-A9A3-BE8DE4BC2EF0}.Debug|Any CPU.Build.0 = Debug|Any CPU
		{67DE064B-C834-4DC9-A9A3-BE8DE4BC2EF0}.Release|Any CPU.ActiveCfg = Release|Any CPU
		{67DE064B-C834-4DC9-A9A3-BE8DE4BC2EF0}.Release|Any CPU.Build.0 = Release|Any CPU
	EndGlobalSection
	GlobalSection(SolutionProperties) = preSolution
		HideSolutionNode = FALSE
	EndGlobalSection
	GlobalSection(ExtensibilityGlobals) = postSolution
		SolutionGuid = {FAA8DCDF-AB46-445C-BBC1-5FEC4AC37E99}
	EndGlobalSection
EndGlobal
